{
  "version": 4,
  "terraform_version": "1.5.7",
  "serial": 2,
  "lineage": "06bd6340-b1b4-a812-110a-71def373045d",
  "outputs": {
    "service_url": {
      "value": "dnsmvunpjw.us-east-1.awsapprunner.com",
      "type": "string"
    }
  },
  "resources": [
    {
      "mode": "managed",
      "type": "aws_apprunner_service",
      "name": "main",
      "provider": "provider[\"registry.terraform.io/hashicorp/aws\"]",
      "instances": [
        {
          "schema_version": 0,
          "attributes": {
            "arn": "arn:aws:apprunner:us-east-1:851725295100:service/auto-deployed-hello_world/e31585851574454fbfc1355f43408dd5",
            "auto_scaling_configuration_arn": "arn:aws:apprunner:us-east-1:851725295100:autoscalingconfiguration/DefaultConfiguration/1/00000000000000000000000000000001",
            "encryption_configuration": [],
            "health_check_configuration": [
              {
                "healthy_threshold": 1,
                "interval": 5,
                "path": "/",
                "protocol": "TCP",
                "timeout": 2,
                "unhealthy_threshold": 5
              }
            ],
            "id": "arn:aws:apprunner:us-east-1:851725295100:service/auto-deployed-hello_world/e31585851574454fbfc1355f43408dd5",
            "instance_configuration": [
              {
                "cpu": "1024",
                "instance_role_arn": "",
                "memory": "2048"
              }
            ],
            "network_configuration": [
              {
                "egress_configuration": [
                  {
                    "egress_type": "DEFAULT",
                    "vpc_connector_arn": ""
                  }
                ],
                "ingress_configuration": [
                  {
                    "is_publicly_accessible": true
                  }
                ],
                "ip_address_type": "IPV4"
              }
            ],
            "observability_configuration": [],
            "region": "us-east-1",
            "service_id": "e31585851574454fbfc1355f43408dd5",
            "service_name": "auto-deployed-hello_world",
            "service_url": "dnsmvunpjw.us-east-1.awsapprunner.com",
            "source_configuration": [
              {
                "authentication_configuration": [],
                "auto_deployments_enabled": false,
                "code_repository": [],
                "image_repository": [
                  {
                    "image_configuration": [
                      {
                        "port": "8080",
                        "runtime_environment_secrets": null,
                        "runtime_environment_variables": null,
                        "start_command": ""
                      }
                    ],
                    "image_identifier": "public.ecr.aws/aws-containers/hello-app-runner:latest",
                    "image_repository_type": "ECR_PUBLIC"
                  }
                ]
              }
            ],
            "status": "RUNNING",
            "tags": {
              "ManagedBy": "AutoDeployer"
            },
            "tags_all": {
              "ManagedBy": "AutoDeployer"
            }
          },
          "sensitive_attributes": [],
          "private": "bnVsbA=="
        }
      ]
    }
  ],
  "check_results": null
}
